
Microsoft Visual Studio Solution File, Format Version 12.00
# Visual Studio Version 17
VisualStudioVersion = 17.14.36518.9 d17.14
MinimumVisualStudioVersion = 10.0.40219.1
Project("{2150E333-8FDC-42A3-9474-1A3956D46DE8}") = "Task0", "Task0", "{02EA681E-C7D8-13C7-8484-4AC65E1B71E8}"
EndProject
Project("{FAE04EC0-301F-11D3-BF4B-00C04F79EFBC}") = "Tyuiu.IvanovMS.Sprint2.Task0.V6", "Tyuiu.IvanovMS.Sprint2.Task0.V6\Tyuiu.IvanovMS.Sprint2.Task0.V6.csproj", "{9AF15679-0871-4105-9B36-23F11E2BB1BE}"
EndProject
Project("{FAE04EC0-301F-11D3-BF4B-00C04F79EFBC}") = "Tyuiu.IvanovMS.Sprint2.Task0.V6.Lib", "Tyuiu.IvanovMS.Sprint2.Task0.V6.Lib\Tyuiu.IvanovMS.Sprint2.Task0.V6.Lib.csproj", "{C863F63A-BA2F-4CBC-B9C6-9951CD632724}"
EndProject
Project("{FAE04EC0-301F-11D3-BF4B-00C04F79EFBC}") = "Tyuiu.IvanovMS.Sprint2.Task0.V6.Test", "Tyuiu.IvanovMS.Sprint2.Task0.V6.Test\Tyuiu.IvanovMS.Sprint2.Task0.V6.Test.csproj", "{4F8FB836-810B-4936-BECC-2D21189EDD24}"
EndProject
Project("{2150E333-8FDC-42A3-9474-1A3956D46DE8}") = "Task1", "Task1", "{6B44C35C-C31C-4FD6-A484-FD8F8760E68E}"
EndProject
Project("{FAE04EC0-301F-11D3-BF4B-00C04F79EFBC}") = "Tyuiu.IvanovMS.Sprint2.Task1.V7", "Tyuiu.IvanovMS.Sprint2.Task1.V7\Tyuiu.IvanovMS.Sprint2.Task1.V7.csproj", "{7212690A-519F-4D2A-A653-6B6E928857FC}"
EndProject
Project("{FAE04EC0-301F-11D3-BF4B-00C04F79EFBC}") = "Tyuiu.IvanovMS.Sprint2.Task1.V7.Lib", "Tyuiu.IvanovMS.Sprint2.Task1.V7.Lib\Tyuiu.IvanovMS.Sprint2.Task1.V7.Lib.csproj", "{D17241A2-75ED-4F94-B8BE-6826DCB1E9EF}"
EndProject
Project("{FAE04EC0-301F-11D3-BF4B-00C04F79EFBC}") = "Tyuiu.IvanovMS.Sprint2.Task1.V7.Test", "Tyuiu.IvanovMS.Sprint2.Task1.V7.Test\Tyuiu.IvanovMS.Sprint2.Task1.V7.Test.csproj", "{81781E94-2341-4035-B683-007ADD6B8D34}"
EndProject
Project("{2150E333-8FDC-42A3-9474-1A3956D46DE8}") = "Task2", "Task2", "{335064DB-2B85-466E-8643-B2B89B58012A}"
EndProject
Project("{FAE04EC0-301F-11D3-BF4B-00C04F79EFBC}") = "Tyuiu.IvanovMS.Sprint2.Task2.V21", "Tyuiu.IvanovMS.Sprint2.Task2.V21\Tyuiu.IvanovMS.Sprint2.Task2.V21.csproj", "{003F7912-8FDD-4B40-A245-F416E448C18F}"
EndProject
Project("{FAE04EC0-301F-11D3-BF4B-00C04F79EFBC}") = "Tyuiu.IvanovMS.Sprint2.Task2.V21.Lib", "Tyuiu.IvanovMS.Sprint2.Task2.V21.Lib\Tyuiu.IvanovMS.Sprint2.Task2.V21.Lib.csproj", "{C018B452-D42A-4897-AFEB-AE3ADD3FE18F}"
EndProject
Project("{FAE04EC0-301F-11D3-BF4B-00C04F79EFBC}") = "Tyuiu.IvanovMS.Sprint2.Task2.V21.Test", "Tyuiu.IvanovMS.Sprint2.Task2.V21.Test\Tyuiu.IvanovMS.Sprint2.Task2.V21.Test.csproj", "{147060CD-DF5C-4CD4-A977-61A67F8A699A}"
EndProject
Project("{2150E333-8FDC-42A3-9474-1A3956D46DE8}") = "Task3", "Task3", "{18CDA6C4-EB18-41C9-8E83-6D069C0308CF}"
EndProject
Project("{FAE04EC0-301F-11D3-BF4B-00C04F79EFBC}") = "Tyuiu.IvanovMS.Sprint2.Task3.V25", "Tyuiu.IvanovMS.Sprint2.Task3.V25\Tyuiu.IvanovMS.Sprint2.Task3.V25.csproj", "{CB683E55-334F-433B-8BF6-76973F698E93}"
EndProject
Project("{FAE04EC0-301F-11D3-BF4B-00C04F79EFBC}") = "Tyuiu.IvanovMS.Sprint2.Task3.V25.Lib", "Tyuiu.IvanovMS.Sprint2.Task3.V25.Lib\Tyuiu.IvanovMS.Sprint2.Task3.V25.Lib.csproj", "{06F4FEB3-DFDF-4D97-BF0C-01CEC6919907}"
EndProject
Project("{FAE04EC0-301F-11D3-BF4B-00C04F79EFBC}") = "Tyuiu.IvanovMS.Sprint2.Task3.V25.Test", "Tyuiu.IvanovMS.Sprint2.Task3.V25.Test\Tyuiu.IvanovMS.Sprint2.Task3.V25.Test.csproj", "{083DD3EB-88C7-40FF-9A5E-C183D4EB4E21}"
EndProject
Project("{2150E333-8FDC-42A3-9474-1A3956D46DE8}") = "Task4", "Task4", "{0EBF1DD5-1B4D-420A-A742-2B1AF62A96A0}"
EndProject
Project("{FAE04EC0-301F-11D3-BF4B-00C04F79EFBC}") = "Tyuiu.IvanovMS.Sprint2.Task4.V20", "Tyuiu.IvanovMS.Sprint2.Task4.V20\Tyuiu.IvanovMS.Sprint2.Task4.V20.csproj", "{B56DB6AF-D3DF-49FD-9CAC-A32A8AAC4696}"
EndProject
Project("{FAE04EC0-301F-11D3-BF4B-00C04F79EFBC}") = "Tyuiu.IvanovMS.Sprint2.Task4.V20.Lib", "Tyuiu.IvanovMS.Sprint2.Task4.V20.Lib\Tyuiu.IvanovMS.Sprint2.Task4.V20.Lib.csproj", "{D551EF7B-3CF0-4E0F-B2FA-641E0A3B5F18}"
EndProject
Project("{FAE04EC0-301F-11D3-BF4B-00C04F79EFBC}") = "Tyuiu.IvanovMS.Sprint2.Task4.V20.Test", "Tyuiu.IvanovMS.Sprint2.Task4.V20.Test\Tyuiu.IvanovMS.Sprint2.Task4.V20.Test.csproj", "{B074AC93-DC61-485A-B041-4AD59B5F81A8}"
EndProject
Project("{2150E333-8FDC-42A3-9474-1A3956D46DE8}") = "Task5", "Task5", "{B7D01096-A90C-44F2-8171-E169DACCE42A}"
EndProject
Project("{FAE04EC0-301F-11D3-BF4B-00C04F79EFBC}") = "Tyuiu.IvanovMS.Sprint2.Task5.V11", "Tyuiu.IvanovMS.Sprint2.Task5.V11\Tyuiu.IvanovMS.Sprint2.Task5.V11.csproj", "{E8DFDA35-55CE-4323-8953-B31038C3FF46}"
EndProject
Project("{FAE04EC0-301F-11D3-BF4B-00C04F79EFBC}") = "Tyuiu.IvanovMS.Sprint2.Task5.V11.Lib", "Tyuiu.IvanovMS.Sprint2.Task5.V11.Lib\Tyuiu.IvanovMS.Sprint2.Task5.V11.Lib.csproj", "{023055D8-26DC-400E-99ED-CE74BD8D10AA}"
EndProject
Project("{FAE04EC0-301F-11D3-BF4B-00C04F79EFBC}") = "Tyuiu.IvanovMS.Sprint2.Task5.V11.Test", "Tyuiu.IvanovMS.Sprint2.Task5.V11.Test\Tyuiu.IvanovMS.Sprint2.Task5.V11.Test.csproj", "{631B0EDA-1907-4C1F-9BC3-E1370F7D1761}"
EndProject
Project("{2150E333-8FDC-42A3-9474-1A3956D46DE8}") = "Task6", "Task6", "{E860567A-501A-4E5B-8A95-E66A6C5513B7}"
EndProject
Project("{FAE04EC0-301F-11D3-BF4B-00C04F79EFBC}") = "Tyuiu.IvanovMS.Sprint2.Task6.V13", "Tyuiu.IvanovMS.Sprint2.Task6.V13\Tyuiu.IvanovMS.Sprint2.Task6.V13.csproj", "{3FC81104-3BCE-434B-B0DC-256CFE833A66}"
EndProject
Project("{FAE04EC0-301F-11D3-BF4B-00C04F79EFBC}") = "Tyuiu.IvanovMS.Sprint2.Task6.V13.Lib", "Tyuiu.IvanovMS.Sprint2.Task6.V13.Lib\Tyuiu.IvanovMS.Sprint2.Task6.V13.Lib.csproj", "{6D221FEB-0664-45C6-AB6B-1E7AB35E3A09}"
EndProject
Project("{FAE04EC0-301F-11D3-BF4B-00C04F79EFBC}") = "Tyuiu.IvanovMS.Sprint2.Task6.V13.Test", "Tyuiu.IvanovMS.Sprint2.Task6.V13.Test\Tyuiu.IvanovMS.Sprint2.Task6.V13.Test.csproj", "{E5672CD9-0526-4766-AAA7-3B02A4441240}"
EndProject
Project("{2150E333-8FDC-42A3-9474-1A3956D46DE8}") = "Task7", "Task7", "{F75C6A64-058D-4760-A5D1-8536DB6CBA58}"
EndProject
Project("{FAE04EC0-301F-11D3-BF4B-00C04F79EFBC}") = "Tyuiu.IvanovMS.Sprint2.Task7.V7", "Tyuiu.IvanovMS.Sprint2.Task7.V7\Tyuiu.IvanovMS.Sprint2.Task7.V7.csproj", "{99058377-575F-4327-9F51-7A6662A739F9}"
EndProject
Project("{FAE04EC0-301F-11D3-BF4B-00C04F79EFBC}") = "Tyuiu.IvanovMS.Sprint2.Task7.V7.Lib", "Tyuiu.IvanovMS.Sprint2.Task7.V7.Lib\Tyuiu.IvanovMS.Sprint2.Task7.V7.Lib.csproj", "{4C838B3A-206C-49B1-BCB3-2D98313AA18F}"
EndProject
Project("{FAE04EC0-301F-11D3-BF4B-00C04F79EFBC}") = "Tyuiu.IvanovMS.Sprint2.Task7.V7.Test", "Tyuiu.IvanovMS.Sprint2.Task7.V7.Test\Tyuiu.IvanovMS.Sprint2.Task7.V7.Test.csproj", "{AFA020D4-5732-40DB-BCD5-E2AFFCF729AA}"
EndProject
Global
	GlobalSection(SolutionConfigurationPlatforms) = preSolution
		Debug|Any CPU = Debug|Any CPU
		Release|Any CPU = Release|Any CPU
	EndGlobalSection
	GlobalSection(ProjectConfigurationPlatforms) = postSolution
		{9AF15679-0871-4105-9B36-23F11E2BB1BE}.Debug|Any CPU.ActiveCfg = Debug|Any CPU
		{9AF15679-0871-4105-9B36-23F11E2BB1BE}.Debug|Any CPU.Build.0 = Debug|Any CPU
		{9AF15679-0871-4105-9B36-23F11E2BB1BE}.Release|Any CPU.ActiveCfg = Release|Any CPU
		{9AF15679-0871-4105-9B36-23F11E2BB1BE}.Release|Any CPU.Build.0 = Release|Any CPU
		{C863F63A-BA2F-4CBC-B9C6-9951CD632724}.Debug|Any CPU.ActiveCfg = Debug|Any CPU
		{C863F63A-BA2F-4CBC-B9C6-9951CD632724}.Debug|Any CPU.Build.0 = Debug|Any CPU
		{C863F63A-BA2F-4CBC-B9C6-9951CD632724}.Release|Any CPU.ActiveCfg = Release|Any CPU
		{C863F63A-BA2F-4CBC-B9C6-9951CD632724}.Release|Any CPU.Build.0 = Release|Any CPU
		{4F8FB836-810B-4936-BECC-2D21189EDD24}.Debug|Any CPU.ActiveCfg = Debug|Any CPU
		{4F8FB836-810B-4936-BECC-2D21189EDD24}.Debug|Any CPU.Build.0 = Debug|Any CPU
		{4F8FB836-810B-4936-BECC-2D21189EDD24}.Release|Any CPU.ActiveCfg = Release|Any CPU
		{4F8FB836-810B-4936-BECC-2D21189EDD24}.Release|Any CPU.Build.0 = Release|Any CPU
		{7212690A-519F-4D2A-A653-6B6E928857FC}.Debug|Any CPU.ActiveCfg = Debug|Any CPU
		{7212690A-519F-4D2A-A653-6B6E928857FC}.Debug|Any CPU.Build.0 = Debug|Any CPU
		{7212690A-519F-4D2A-A653-6B6E928857FC}.Release|Any CPU.ActiveCfg = Release|Any CPU
		{7212690A-519F-4D2A-A653-6B6E928857FC}.Release|Any CPU.Build.0 = Release|Any CPU
		{D17241A2-75ED-4F94-B8BE-6826DCB1E9EF}.Debug|Any CPU.ActiveCfg = Debug|Any CPU
		{D17241A2-75ED-4F94-B8BE-6826DCB1E9EF}.Debug|Any CPU.Build.0 = Debug|Any CPU
		{D17241A2-75ED-4F94-B8BE-6826DCB1E9EF}.Release|Any CPU.ActiveCfg = Release|Any CPU
		{D17241A2-75ED-4F94-B8BE-6826DCB1E9EF}.Release|Any CPU.Build.0 = Release|Any CPU
		{81781E94-2341-4035-B683-007ADD6B8D34}.Debug|Any CPU.ActiveCfg = Debug|Any CPU
		{81781E94-2341-4035-B683-007ADD6B8D34}.Debug|Any CPU.Build.0 = Debug|Any CPU
		{81781E94-2341-4035-B683-007ADD6B8D34}.Release|Any CPU.ActiveCfg = Release|Any CPU
		{81781E94-2341-4035-B683-007ADD6B8D34}.Release|Any CPU.Build.0 = Release|Any CPU
		{003F7912-8FDD-4B40-A245-F416E448C18F}.Debug|Any CPU.ActiveCfg = Debug|Any CPU
		{003F7912-8FDD-4B40-A245-F416E448C18F}.Debug|Any CPU.Build.0 = Debug|Any CPU
		{003F7912-8FDD-4B40-A245-F416E448C18F}.Release|Any CPU.ActiveCfg = Release|Any CPU
		{003F7912-8FDD-4B40-A245-F416E448C18F}.Release|Any CPU.Build.0 = Release|Any CPU
		{C018B452-D42A-4897-AFEB-AE3ADD3FE18F}.Debug|Any CPU.ActiveCfg = Debug|Any CPU
		{C018B452-D42A-4897-AFEB-AE3ADD3FE18F}.Debug|Any CPU.Build.0 = Debug|Any CPU
		{C018B452-D42A-4897-AFEB-AE3ADD3FE18F}.Release|Any CPU.ActiveCfg = Release|Any CPU
		{C018B452-D42A-4897-AFEB-AE3ADD3FE18F}.Release|Any CPU.Build.0 = Release|Any CPU
		{147060CD-DF5C-4CD4-A977-61A67F8A699A}.Debug|Any CPU.ActiveCfg = Debug|Any CPU
		{147060CD-DF5C-4CD4-A977-61A67F8A699A}.Debug|Any CPU.Build.0 = Debug|Any CPU
		{147060CD-DF5C-4CD4-A977-61A67F8A699A}.Release|Any CPU.ActiveCfg = Release|Any CPU
		{147060CD-DF5C-4CD4-A977-61A67F8A699A}.Release|Any CPU.Build.0 = Release|Any CPU
		{CB683E55-334F-433B-8BF6-76973F698E93}.Debug|Any CPU.ActiveCfg = Debug|Any CPU
		{CB683E55-334F-433B-8BF6-76973F698E93}.Debug|Any CPU.Build.0 = Debug|Any CPU
		{CB683E55-334F-433B-8BF6-76973F698E93}.Release|Any CPU.ActiveCfg = Release|Any CPU
		{CB683E55-334F-433B-8BF6-76973F698E93}.Release|Any CPU.Build.0 = Release|Any CPU
		{06F4FEB3-DFDF-4D97-BF0C-01CEC6919907}.Debug|Any CPU.ActiveCfg = Debug|Any CPU
		{06F4FEB3-DFDF-4D97-BF0C-01CEC6919907}.Debug|Any CPU.Build.0 = Debug|Any CPU
		{06F4FEB3-DFDF-4D97-BF0C-01CEC6919907}.Release|Any CPU.ActiveCfg = Release|Any CPU
		{06F4FEB3-DFDF-4D97-BF0C-01CEC6919907}.Release|Any CPU.Build.0 = Release|Any CPU
		{083DD3EB-88C7-40FF-9A5E-C183D4EB4E21}.Debug|Any CPU.ActiveCfg = Debug|Any CPU
		{083DD3EB-88C7-40FF-9A5E-C183D4EB4E21}.Debug|Any CPU.Build.0 = Debug|Any CPU
		{083DD3EB-88C7-40FF-9A5E-C183D4EB4E21}.Release|Any CPU.ActiveCfg = Release|Any CPU
		{083DD3EB-88C7-40FF-9A5E-C183D4EB4E21}.Release|Any CPU.Build.0 = Release|Any CPU
		{B56DB6AF-D3DF-49FD-9CAC-A32A8AAC4696}.Debug|Any CPU.ActiveCfg = Debug|Any CPU
		{B56DB6AF-D3DF-49FD-9CAC-A32A8AAC4696}.Debug|Any CPU.Build.0 = Debug|Any CPU
		{B56DB6AF-D3DF-49FD-9CAC-A32A8AAC4696}.Release|Any CPU.ActiveCfg = Release|Any CPU
		{B56DB6AF-D3DF-49FD-9CAC-A32A8AAC4696}.Release|Any CPU.Build.0 = Release|Any CPU
		{D551EF7B-3CF0-4E0F-B2FA-641E0A3B5F18}.Debug|Any CPU.ActiveCfg = Debug|Any CPU
		{D551EF7B-3CF0-4E0F-B2FA-641E0A3B5F18}.Debug|Any CPU.Build.0 = Debug|Any CPU
		{D551EF7B-3CF0-4E0F-B2FA-641E0A3B5F18}.Release|Any CPU.ActiveCfg = Release|Any CPU
		{D551EF7B-3CF0-4E0F-B2FA-641E0A3B5F18}.Release|Any CPU.Build.0 = Release|Any CPU
		{B074AC93-DC61-485A-B041-4AD59B5F81A8}.Debug|Any CPU.ActiveCfg = Debug|Any CPU
		{B074AC93-DC61-485A-B041-4AD59B5F81A8}.Debug|Any CPU.Build.0 = Debug|Any CPU
		{B074AC93-DC61-485A-B041-4AD59B5F81A8}.Release|Any CPU.ActiveCfg = Release|Any CPU
		{B074AC93-DC61-485A-B041-4AD59B5F81A8}.Release|Any CPU.Build.0 = Release|Any CPU
		{E8DFDA35-55CE-4323-8953-B31038C3FF46}.Debug|Any CPU.ActiveCfg = Debug|Any CPU
		{E8DFDA35-55CE-4323-8953-B31038C3FF46}.Debug|Any CPU.Build.0 = Debug|Any CPU
		{E8DFDA35-55CE-4323-8953-B31038C3FF46}.Release|Any CPU.ActiveCfg = Release|Any CPU
		{E8DFDA35-55CE-4323-8953-B31038C3FF46}.Release|Any CPU.Build.0 = Release|Any CPU
		{023055D8-26DC-400E-99ED-CE74BD8D10AA}.Debug|Any CPU.ActiveCfg = Debug|Any CPU
		{023055D8-26DC-400E-99ED-CE74BD8D10AA}.Debug|Any CPU.Build.0 = Debug|Any CPU
		{023055D8-26DC-400E-99ED-CE74BD8D10AA}.Release|Any CPU.ActiveCfg = Release|Any CPU
		{023055D8-26DC-400E-99ED-CE74BD8D10AA}.Release|Any CPU.Build.0 = Release|Any CPU
		{631B0EDA-1907-4C1F-9BC3-E1370F7D1761}.Debug|Any CPU.ActiveCfg = Debug|Any CPU
		{631B0EDA-1907-4C1F-9BC3-E1370F7D1761}.Debug|Any CPU.Build.0 = Debug|Any CPU
		{631B0EDA-1907-4C1F-9BC3-E1370F7D1761}.Release|Any CPU.ActiveCfg = Release|Any CPU
		{631B0EDA-1907-4C1F-9BC3-E1370F7D1761}.Release|Any CPU.Build.0 = Release|Any CPU
		{3FC81104-3BCE-434B-B0DC-256CFE833A66}.Debug|Any CPU.ActiveCfg = Debug|Any CPU
		{3FC81104-3BCE-434B-B0DC-256CFE833A66}.Debug|Any CPU.Build.0 = Debug|Any CPU
		{3FC81104-3BCE-434B-B0DC-256CFE833A66}.Release|Any CPU.ActiveCfg = Release|Any CPU
		{3FC81104-3BCE-434B-B0DC-256CFE833A66}.Release|Any CPU.Build.0 = Release|Any CPU
		{6D221FEB-0664-45C6-AB6B-1E7AB35E3A09}.Debug|Any CPU.ActiveCfg = Debug|Any CPU
		{6D221FEB-0664-45C6-AB6B-1E7AB35E3A09}.Debug|Any CPU.Build.0 = Debug|Any CPU
		{6D221FEB-0664-45C6-AB6B-1E7AB35E3A09}.Release|Any CPU.ActiveCfg = Release|Any CPU
		{6D221FEB-0664-45C6-AB6B-1E7AB35E3A09}.Release|Any CPU.Build.0 = Release|Any CPU
		{E5672CD9-0526-4766-AAA7-3B02A4441240}.Debug|Any CPU.ActiveCfg = Debug|Any CPU
		{E5672CD9-0526-4766-AAA7-3B02A4441240}.Debug|Any CPU.Build.0 = Debug|Any CPU
		{E5672CD9-0526-4766-AAA7-3B02A4441240}.Release|Any CPU.ActiveCfg = Release|Any CPU
		{E5672CD9-0526-4766-AAA7-3B02A4441240}.Release|Any CPU.Build.0 = Release|Any CPU
		{99058377-575F-4327-9F51-7A6662A739F9}.Debug|Any CPU.ActiveCfg = Debug|Any CPU
		{99058377-575F-4327-9F51-7A6662A739F9}.Debug|Any CPU.Build.0 = Debug|Any CPU
		{99058377-575F-4327-9F51-7A6662A739F9}.Release|Any CPU.ActiveCfg = Release|Any CPU
		{99058377-575F-4327-9F51-7A6662A739F9}.Release|Any CPU.Build.0 = Release|Any CPU
		{4C838B3A-206C-49B1-BCB3-2D98313AA18F}.Debug|Any CPU.ActiveCfg = Debug|Any CPU
		{4C838B3A-206C-49B1-BCB3-2D98313AA18F}.Debug|Any CPU.Build.0 = Debug|Any CPU
		{4C838B3A-206C-49B1-BCB3-2D98313AA18F}.Release|Any CPU.ActiveCfg = Release|Any CPU
		{4C838B3A-206C-49B1-BCB3-2D98313AA18F}.Release|Any CPU.Build.0 = Release|Any CPU
		{AFA020D4-5732-40DB-BCD5-E2AFFCF729AA}.Debug|Any CPU.ActiveCfg = Debug|Any CPU
		{AFA020D4-5732-40DB-BCD5-E2AFFCF729AA}.Debug|Any CPU.Build.0 = Debug|Any CPU
		{AFA020D4-5732-40DB-BCD5-E2AFFCF729AA}.Release|Any CPU.ActiveCfg = Release|Any CPU
		{AFA020D4-5732-40DB-BCD5-E2AFFCF729AA}.Release|Any CPU.Build.0 = Release|Any CPU
	EndGlobalSection
	GlobalSection(SolutionProperties) = preSolution
		HideSolutionNode = FALSE
	EndGlobalSection
	GlobalSection(NestedProjects) = preSolution
		{9AF15679-0871-4105-9B36-23F11E2BB1BE} = {02EA681E-C7D8-13C7-8484-4AC65E1B71E8}
		{C863F63A-BA2F-4CBC-B9C6-9951CD632724} = {02EA681E-C7D8-13C7-8484-4AC65E1B71E8}
		{4F8FB836-810B-4936-BECC-2D21189EDD24} = {02EA681E-C7D8-13C7-8484-4AC65E1B71E8}
		{7212690A-519F-4D2A-A653-6B6E928857FC} = {6B44C35C-C31C-4FD6-A484-FD8F8760E68E}
		{D17241A2-75ED-4F94-B8BE-6826DCB1E9EF} = {6B44C35C-C31C-4FD6-A484-FD8F8760E68E}
		{81781E94-2341-4035-B683-007ADD6B8D34} = {6B44C35C-C31C-4FD6-A484-FD8F8760E68E}
		{003F7912-8FDD-4B40-A245-F416E448C18F} = {335064DB-2B85-466E-8643-B2B89B58012A}
		{C018B452-D42A-4897-AFEB-AE3ADD3FE18F} = {335064DB-2B85-466E-8643-B2B89B58012A}
		{147060CD-DF5C-4CD4-A977-61A67F8A699A} = {335064DB-2B85-466E-8643-B2B89B58012A}
		{CB683E55-334F-433B-8BF6-76973F698E93} = {18CDA6C4-EB18-41C9-8E83-6D069C0308CF}
		{06F4FEB3-DFDF-4D97-BF0C-01CEC6919907} = {18CDA6C4-EB18-41C9-8E83-6D069C0308CF}
		{083DD3EB-88C7-40FF-9A5E-C183D4EB4E21} = {18CDA6C4-EB18-41C9-8E83-6D069C0308CF}
		{B56DB6AF-D3DF-49FD-9CAC-A32A8AAC4696} = {0EBF1DD5-1B4D-420A-A742-2B1AF62A96A0}
		{D551EF7B-3CF0-4E0F-B2FA-641E0A3B5F18} = {0EBF1DD5-1B4D-420A-A742-2B1AF62A96A0}
		{B074AC93-DC61-485A-B041-4AD59B5F81A8} = {0EBF1DD5-1B4D-420A-A742-2B1AF62A96A0}
		{E8DFDA35-55CE-4323-8953-B31038C3FF46} = {B7D01096-A90C-44F2-8171-E169DACCE42A}
		{023055D8-26DC-400E-99ED-CE74BD8D10AA} = {B7D01096-A90C-44F2-8171-E169DACCE42A}
		{631B0EDA-1907-4C1F-9BC3-E1370F7D1761} = {B7D01096-A90C-44F2-8171-E169DACCE42A}
		{3FC81104-3BCE-434B-B0DC-256CFE833A66} = {E860567A-501A-4E5B-8A95-E66A6C5513B7}
		{6D221FEB-0664-45C6-AB6B-1E7AB35E3A09} = {E860567A-501A-4E5B-8A95-E66A6C5513B7}
		{E5672CD9-0526-4766-AAA7-3B02A4441240} = {E860567A-501A-4E5B-8A95-E66A6C5513B7}
		{99058377-575F-4327-9F51-7A6662A739F9} = {F75C6A64-058D-4760-A5D1-8536DB6CBA58}
		{4C838B3A-206C-49B1-BCB3-2D98313AA18F} = {F75C6A64-058D-4760-A5D1-8536DB6CBA58}
		{AFA020D4-5732-40DB-BCD5-E2AFFCF729AA} = {F75C6A64-058D-4760-A5D1-8536DB6CBA58}
	EndGlobalSection
	GlobalSection(ExtensibilityGlobals) = postSolution
		SolutionGuid = {50255575-0DCC-48BB-AA80-BE4C513955F3}
	EndGlobalSection
EndGlobal
